
Microsoft Visual Studio Solution File, Format Version 12.00
# Visual Studio Version 17
VisualStudioVersion = 17.3.32825.248
MinimumVisualStudioVersion = 10.0.40219.1
Project("{9A19103F-16F7-4668-BE54-9A1E7A4F7556}") = "MountainGoap", "MountainGoap\MountainGoap.csproj", "{99C829A7-A44F-4C38-B8CE-69BCEBE00503}"
EndProject
Project("{9A19103F-16F7-4668-BE54-9A1E7A4F7556}") = "MountainGoapLogging", "MountainGoapLogging\MountainGoapLogging.csproj", "{7A456856-E66E-439D-B820-DE93EA1665D0}"
EndProject
Project("{9A19103F-16F7-4668-BE54-9A1E7A4F7556}") = "Examples", "Examples\Examples.csproj", "{1BA8B0BA-B040-413D-B64E-0154F9887D21}"
EndProject
Project("{9A19103F-16F7-4668-BE54-9A1E7A4F7556}") = "MountainGoapTest", "MountainGoapTest\MountainGoapTest.csproj", "{DFEDA02E-3FF1-450B-AD63-C1ADC318B002}"
EndProject
Global
	GlobalSection(SolutionConfigurationPlatforms) = preSolution
		Debug|Any CPU = Debug|Any CPU
		Release|Any CPU = Release|Any CPU
	EndGlobalSection
	GlobalSection(ProjectConfigurationPlatforms) = postSolution
		{99C829A7-A44F-4C38-B8CE-69BCEBE00503}.Debug|Any CPU.ActiveCfg = Debug|Any CPU
		{99C829A7-A44F-4C38-B8CE-69BCEBE00503}.Debug|Any CPU.Build.0 = Debug|Any CPU
		{99C829A7-A44F-4C38-B8CE-69BCEBE00503}.Release|Any CPU.ActiveCfg = Release|Any CPU
		{99C829A7-A44F-4C38-B8CE-69BCEBE00503}.Release|Any CPU.Build.0 = Release|Any CPU
		{7A456856-E66E-439D-B820-DE93EA1665D0}.Debug|Any CPU.ActiveCfg = Debug|Any CPU
		{7A456856-E66E-439D-B820-DE93EA1665D0}.Debug|Any CPU.Build.0 = Debug|Any CPU
		{7A456856-E66E-439D-B820-DE93EA1665D0}.Release|Any CPU.ActiveCfg = Release|Any CPU
		{7A456856-E66E-439D-B820-DE93EA1665D0}.Release|Any CPU.Build.0 = Release|Any CPU
		{1BA8B0BA-B040-413D-B64E-0154F9887D21}.Debug|Any CPU.ActiveCfg = Debug|Any CPU
		{1BA8B0BA-B040-413D-B64E-0154F9887D21}.Debug|Any CPU.Build.0 = Debug|Any CPU
		{1BA8B0BA-B040-413D-B64E-0154F9887D21}.Release|Any CPU.ActiveCfg = Release|Any CPU
		{1BA8B0BA-B040-413D-B64E-0154F9887D21}.Release|Any CPU.Build.0 = Release|Any CPU
		{DFEDA02E-3FF1-450B-AD63-C1ADC318B002}.Debug|Any CPU.ActiveCfg = Debug|Any CPU
		{DFEDA02E-3FF1-450B-AD63-C1ADC318B002}.Debug|Any CPU.Build.0 = Debug|Any CPU
		{DFEDA02E-3FF1-450B-AD63-C1ADC318B002}.Release|Any CPU.ActiveCfg = Release|Any CPU
		{DFEDA02E-3FF1-450B-AD63-C1ADC318B002}.Release|Any CPU.Build.0 = Release|Any CPU
	EndGlobalSection
	GlobalSection(SolutionProperties) = preSolution
		HideSolutionNode = FALSE
	EndGlobalSection
	GlobalSection(ExtensibilityGlobals) = postSolution
		SolutionGuid = {3411896C-FE2B-4361-AEF1-8DE5302E7FA7}
	EndGlobalSection
EndGlobal
